// !$*UTF8*$!
{
	archiveVersion = 1;
	classes = {
	};
	objectVersion = 46;
	objects = {

/* Begin PBXBuildFile section */
		80F0F1F11F75805E00EC5A7A /* AppDelegate.swift in Sources */ = {isa = PBXBuildFile; fileRef = 80F0F1F01F75805E00EC5A7A /* AppDelegate.swift */; };
		80F0F1F31F75805E00EC5A7A /* PiPControlViewController.swift in Sources */ = {isa = PBXBuildFile; fileRef = 80F0F1F21F75805E00EC5A7A /* PiPControlViewController.swift */; };
		80F0F1F51F75805E00EC5A7A /* Assets.xcassets in Resources */ = {isa = PBXBuildFile; fileRef = 80F0F1F41F75805E00EC5A7A /* Assets.xcassets */; };
		80F0F1F81F75805E00EC5A7A /* Main.storyboard in Resources */ = {isa = PBXBuildFile; fileRef = 80F0F1F61F75805E00EC5A7A /* Main.storyboard */; };
		80F0F2021F75808200EC5A7A /* PIP.framework in Frameworks */ = {isa = PBXBuildFile; fileRef = 80F0F2001F75808200EC5A7A /* PIP.framework */; };
		80F0F2131F75874D00EC5A7A /* PiPControlWindowController.swift in Sources */ = {isa = PBXBuildFile; fileRef = 80F0F2121F75874D00EC5A7A /* PiPControlWindowController.swift */; };
		D20D206C206FC1FC002D2F01 /* icon.icns in Resources */ = {isa = PBXBuildFile; fileRef = D20D206B206FC1FC002D2F01 /* icon.icns */; };
		D20D206E206FC1FC002D2F01 /* ShareViewController.swift in Sources */ = {isa = PBXBuildFile; fileRef = D20D206D206FC1FC002D2F01 /* ShareViewController.swift */; };
		D20D2071206FC1FC002D2F01 /* ShareViewController.xib in Resources */ = {isa = PBXBuildFile; fileRef = D20D206F206FC1FC002D2F01 /* ShareViewController.xib */; };
		D20D2076206FC1FC002D2F01 /* BetterPiPShare.appex in Embed App Extensions */ = {isa = PBXBuildFile; fileRef = D20D2069206FC1FB002D2F01 /* BetterPiPShare.appex */; settings = {ATTRIBUTES = (RemoveHeadersOnCopy, ); }; };
/* End PBXBuildFile section */

/* Begin PBXContainerItemProxy section */
		D20D2074206FC1FC002D2F01 /* PBXContainerItemProxy */ = {
			isa = PBXContainerItemProxy;
			containerPortal = 80F0F1E51F75805E00EC5A7A /* Project object */;
			proxyType = 1;
			remoteGlobalIDString = D20D2068206FC1FB002D2F01;
			remoteInfo = BetterPiPShare;
		};
/* End PBXContainerItemProxy section */

/* Begin PBXCopyFilesBuildPhase section */
		D20D207A206FC1FC002D2F01 /* Embed App Extensions */ = {
			isa = PBXCopyFilesBuildPhase;
			buildActionMask = 2147483647;
			dstPath = "";
			dstSubfolderSpec = 13;
			files = (
				D20D2076206FC1FC002D2F01 /* BetterPiPShare.appex in Embed App Extensions */,
			);
			name = "Embed App Extensions";
			runOnlyForDeploymentPostprocessing = 0;
		};
/* End PBXCopyFilesBuildPhase section */

/* Begin PBXFileReference section */
		80F0F1ED1F75805E00EC5A7A /* BetterPiP.app */ = {isa = PBXFileReference; explicitFileType = wrapper.application; includeInIndex = 0; path = BetterPiP.app; sourceTree = BUILT_PRODUCTS_DIR; };
		80F0F1F01F75805E00EC5A7A /* AppDelegate.swift */ = {isa = PBXFileReference; lastKnownFileType = sourcecode.swift; path = AppDelegate.swift; sourceTree = "<group>"; };
		80F0F1F21F75805E00EC5A7A /* PiPControlViewController.swift */ = {isa = PBXFileReference; lastKnownFileType = sourcecode.swift; path = PiPControlViewController.swift; sourceTree = "<group>"; };
		80F0F1F41F75805E00EC5A7A /* Assets.xcassets */ = {isa = PBXFileReference; lastKnownFileType = folder.assetcatalog; path = Assets.xcassets; sourceTree = "<group>"; };
		80F0F1F71F75805E00EC5A7A /* Base */ = {isa = PBXFileReference; lastKnownFileType = file.storyboard; name = Base; path = Base.lproj/Main.storyboard; sourceTree = "<group>"; };
		80F0F1F91F75805E00EC5A7A /* Info.plist */ = {isa = PBXFileReference; lastKnownFileType = text.plist.xml; path = Info.plist; sourceTree = "<group>"; };
		80F0F2001F75808200EC5A7A /* PIP.framework */ = {isa = PBXFileReference; lastKnownFileType = wrapper.framework; path = PIP.framework; sourceTree = "<group>"; };
		80F0F20A1F75820400EC5A7A /* BetterPiP-Bridging-Header.h */ = {isa = PBXFileReference; lastKnownFileType = sourcecode.c.h; path = "BetterPiP-Bridging-Header.h"; sourceTree = "<group>"; };
		80F0F20B1F75829200EC5A7A /* PIPViewController.h */ = {isa = PBXFileReference; lastKnownFileType = sourcecode.c.h; path = PIPViewController.h; sourceTree = "<group>"; };
		80F0F20C1F7582B500EC5A7A /* PIPViewControllerDelegate.h */ = {isa = PBXFileReference; lastKnownFileType = sourcecode.c.h; path = PIPViewControllerDelegate.h; sourceTree = "<group>"; };
		80F0F20D1F7582EA00EC5A7A /* PIPPanel.h */ = {isa = PBXFileReference; lastKnownFileType = sourcecode.c.h; path = PIPPanel.h; sourceTree = "<group>"; };
		80F0F20E1F75830A00EC5A7A /* NSViewControllerPresentationAnimator-Protocol.h */ = {isa = PBXFileReference; lastKnownFileType = sourcecode.c.h; path = "NSViewControllerPresentationAnimator-Protocol.h"; sourceTree = "<group>"; };
		80F0F20F1F75831800EC5A7A /* NSObject-Protocol.h */ = {isa = PBXFileReference; lastKnownFileType = sourcecode.c.h; path = "NSObject-Protocol.h"; sourceTree = "<group>"; };
		80F0F2101F75832800EC5A7A /* NSEvent-PIPExtensions.h */ = {isa = PBXFileReference; lastKnownFileType = sourcecode.c.h; path = "NSEvent-PIPExtensions.h"; sourceTree = "<group>"; };
		80F0F2111F75833600EC5A7A /* CDStructures.h */ = {isa = PBXFileReference; lastKnownFileType = sourcecode.c.h; path = CDStructures.h; sourceTree = "<group>"; };
		80F0F2121F75874D00EC5A7A /* PiPControlWindowController.swift */ = {isa = PBXFileReference; fileEncoding = 4; lastKnownFileType = sourcecode.swift; path = PiPControlWindowController.swift; sourceTree = "<group>"; };
		D20D2069206FC1FB002D2F01 /* BetterPiPShare.appex */ = {isa = PBXFileReference; explicitFileType = "wrapper.app-extension"; includeInIndex = 0; path = BetterPiPShare.appex; sourceTree = BUILT_PRODUCTS_DIR; };
		D20D206B206FC1FC002D2F01 /* icon.icns */ = {isa = PBXFileReference; lastKnownFileType = image.icns; path = icon.icns; sourceTree = "<group>"; };
		D20D206D206FC1FC002D2F01 /* ShareViewController.swift */ = {isa = PBXFileReference; lastKnownFileType = sourcecode.swift; path = ShareViewController.swift; sourceTree = "<group>"; };
		D20D2070206FC1FC002D2F01 /* Base */ = {isa = PBXFileReference; lastKnownFileType = file.xib; name = Base; path = Base.lproj/ShareViewController.xib; sourceTree = "<group>"; };
		D20D2072206FC1FC002D2F01 /* Info.plist */ = {isa = PBXFileReference; lastKnownFileType = text.plist.xml; path = Info.plist; sourceTree = "<group>"; };
		D20D2073206FC1FC002D2F01 /* BetterPiPShare.entitlements */ = {isa = PBXFileReference; lastKnownFileType = text.plist.entitlements; path = BetterPiPShare.entitlements; sourceTree = "<group>"; };
/* End PBXFileReference section */

/* Begin PBXFrameworksBuildPhase section */
		80F0F1EA1F75805E00EC5A7A /* Frameworks */ = {
			isa = PBXFrameworksBuildPhase;
			buildActionMask = 2147483647;
			files = (
				80F0F2021F75808200EC5A7A /* PIP.framework in Frameworks */,
			);
			runOnlyForDeploymentPostprocessing = 0;
		};
		D20D2066206FC1FB002D2F01 /* Frameworks */ = {
			isa = PBXFrameworksBuildPhase;
			buildActionMask = 2147483647;
			files = (
			);
			runOnlyForDeploymentPostprocessing = 0;
		};
/* End PBXFrameworksBuildPhase section */

/* Begin PBXGroup section */
		80B32F7A1F7C136700CEA192 /* PIP */ = {
			isa = PBXGroup;
			children = (
				80F0F20A1F75820400EC5A7A /* BetterPiP-Bridging-Header.h */,
				80F0F20B1F75829200EC5A7A /* PIPViewController.h */,
				80F0F20C1F7582B500EC5A7A /* PIPViewControllerDelegate.h */,
				80F0F20D1F7582EA00EC5A7A /* PIPPanel.h */,
				80F0F20E1F75830A00EC5A7A /* NSViewControllerPresentationAnimator-Protocol.h */,
				80F0F20F1F75831800EC5A7A /* NSObject-Protocol.h */,
				80F0F2101F75832800EC5A7A /* NSEvent-PIPExtensions.h */,
				80F0F2111F75833600EC5A7A /* CDStructures.h */,
			);
			path = PIP;
			sourceTree = "<group>";
		};
		80F0F1E41F75805E00EC5A7A = {
			isa = PBXGroup;
			children = (
				80F0F1EF1F75805E00EC5A7A /* BetterPiP */,
				D20D206A206FC1FC002D2F01 /* BetterPiPShare */,
				80F0F1EE1F75805E00EC5A7A /* Products */,
			);
			sourceTree = "<group>";
		};
		80F0F1EE1F75805E00EC5A7A /* Products */ = {
			isa = PBXGroup;
			children = (
				80F0F1ED1F75805E00EC5A7A /* BetterPiP.app */,
				D20D2069206FC1FB002D2F01 /* BetterPiPShare.appex */,
			);
			name = Products;
			sourceTree = "<group>";
		};
		80F0F1EF1F75805E00EC5A7A /* BetterPiP */ = {
			isa = PBXGroup;
			children = (
				80F0F1F01F75805E00EC5A7A /* AppDelegate.swift */,
				80F0F2121F75874D00EC5A7A /* PiPControlWindowController.swift */,
				80F0F1F21F75805E00EC5A7A /* PiPControlViewController.swift */,
				80F0F1F41F75805E00EC5A7A /* Assets.xcassets */,
				80F0F1F61F75805E00EC5A7A /* Main.storyboard */,
				80F0F1F91F75805E00EC5A7A /* Info.plist */,
				80F0F2001F75808200EC5A7A /* PIP.framework */,
				80B32F7A1F7C136700CEA192 /* PIP */,
			);
			path = BetterPiP;
			sourceTree = "<group>";
		};
		D20D206A206FC1FC002D2F01 /* BetterPiPShare */ = {
			isa = PBXGroup;
			children = (
				D20D206B206FC1FC002D2F01 /* icon.icns */,
				D20D206D206FC1FC002D2F01 /* ShareViewController.swift */,
				D20D206F206FC1FC002D2F01 /* ShareViewController.xib */,
				D20D2072206FC1FC002D2F01 /* Info.plist */,
				D20D2073206FC1FC002D2F01 /* BetterPiPShare.entitlements */,
			);
			path = BetterPiPShare;
			sourceTree = "<group>";
		};
/* End PBXGroup section */

/* Begin PBXNativeTarget section */
		80F0F1EC1F75805E00EC5A7A /* BetterPiP */ = {
			isa = PBXNativeTarget;
			buildConfigurationList = 80F0F1FC1F75805E00EC5A7A /* Build configuration list for PBXNativeTarget "BetterPiP" */;
			buildPhases = (
				80F0F1E91F75805E00EC5A7A /* Sources */,
				80F0F1EA1F75805E00EC5A7A /* Frameworks */,
				80F0F1EB1F75805E00EC5A7A /* Resources */,
				D20D207A206FC1FC002D2F01 /* Embed App Extensions */,
			);
			buildRules = (
			);
			dependencies = (
				D20D2075206FC1FC002D2F01 /* PBXTargetDependency */,
			);
			name = BetterPiP;
			productName = BetterPiP;
			productReference = 80F0F1ED1F75805E00EC5A7A /* BetterPiP.app */;
			productType = "com.apple.product-type.application";
		};
		D20D2068206FC1FB002D2F01 /* BetterPiPShare */ = {
			isa = PBXNativeTarget;
			buildConfigurationList = D20D2079206FC1FC002D2F01 /* Build configuration list for PBXNativeTarget "BetterPiPShare" */;
			buildPhases = (
				D20D2065206FC1FB002D2F01 /* Sources */,
				D20D2066206FC1FB002D2F01 /* Frameworks */,
				D20D2067206FC1FB002D2F01 /* Resources */,
			);
			buildRules = (
			);
			dependencies = (
			);
			name = BetterPiPShare;
			productName = BetterPiPShare;
			productReference = D20D2069206FC1FB002D2F01 /* BetterPiPShare.appex */;
			productType = "com.apple.product-type.app-extension";
		};
/* End PBXNativeTarget section */

/* Begin PBXProject section */
		80F0F1E51F75805E00EC5A7A /* Project object */ = {
			isa = PBXProject;
			attributes = {
				LastSwiftUpdateCheck = 0930;
				LastUpgradeCheck = 0930;
				ORGANIZATIONNAME = "Lukas von Mateffy";
				TargetAttributes = {
					80F0F1EC1F75805E00EC5A7A = {
						CreatedOnToolsVersion = 8.3.3;
						DevelopmentTeam = VWP2ERD75S;
						LastSwiftMigration = 0930;
						ProvisioningStyle = Automatic;
					};
					D20D2068206FC1FB002D2F01 = {
						CreatedOnToolsVersion = 9.3;
						DevelopmentTeam = VWP2ERD75S;
						ProvisioningStyle = Automatic;
					};
				};
			};
			buildConfigurationList = 80F0F1E81F75805E00EC5A7A /* Build configuration list for PBXProject "BetterPiP" */;
			compatibilityVersion = "Xcode 3.2";
			developmentRegion = English;
			hasScannedForEncodings = 0;
			knownRegions = (
				en,
				Base,
			);
			mainGroup = 80F0F1E41F75805E00EC5A7A;
			productRefGroup = 80F0F1EE1F75805E00EC5A7A /* Products */;
			projectDirPath = "";
			projectRoot = "";
			targets = (
				80F0F1EC1F75805E00EC5A7A /* BetterPiP */,
				D20D2068206FC1FB002D2F01 /* BetterPiPShare */,
			);
		};
/* End PBXProject section */

/* Begin PBXResourcesBuildPhase section */
		80F0F1EB1F75805E00EC5A7A /* Resources */ = {
			isa = PBXResourcesBuildPhase;
			buildActionMask = 2147483647;
			files = (
				80F0F1F51F75805E00EC5A7A /* Assets.xcassets in Resources */,
				80F0F1F81F75805E00EC5A7A /* Main.storyboard in Resources */,
			);
			runOnlyForDeploymentPostprocessing = 0;
		};
		D20D2067206FC1FB002D2F01 /* Resources */ = {
			isa = PBXResourcesBuildPhase;
			buildActionMask = 2147483647;
			files = (
				D20D2071206FC1FC002D2F01 /* ShareViewController.xib in Resources */,
				D20D206C206FC1FC002D2F01 /* icon.icns in Resources */,
			);
			runOnlyForDeploymentPostprocessing = 0;
		};
/* End PBXResourcesBuildPhase section */

/* Begin PBXSourcesBuildPhase section */
		80F0F1E91F75805E00EC5A7A /* Sources */ = {
			isa = PBXSourcesBuildPhase;
			buildActionMask = 2147483647;
			files = (
				80F0F1F31F75805E00EC5A7A /* PiPControlViewController.swift in Sources */,
				80F0F1F11F75805E00EC5A7A /* AppDelegate.swift in Sources */,
				80F0F2131F75874D00EC5A7A /* PiPControlWindowController.swift in Sources */,
			);
			runOnlyForDeploymentPostprocessing = 0;
		};
		D20D2065206FC1FB002D2F01 /* Sources */ = {
			isa = PBXSourcesBuildPhase;
			buildActionMask = 2147483647;
			files = (
				D20D206E206FC1FC002D2F01 /* ShareViewController.swift in Sources */,
			);
			runOnlyForDeploymentPostprocessing = 0;
		};
/* End PBXSourcesBuildPhase section */

/* Begin PBXTargetDependency section */
		D20D2075206FC1FC002D2F01 /* PBXTargetDependency */ = {
			isa = PBXTargetDependency;
			target = D20D2068206FC1FB002D2F01 /* BetterPiPShare */;
			targetProxy = D20D2074206FC1FC002D2F01 /* PBXContainerItemProxy */;
		};
/* End PBXTargetDependency section */

/* Begin PBXVariantGroup section */
		80F0F1F61F75805E00EC5A7A /* Main.storyboard */ = {
			isa = PBXVariantGroup;
			children = (
				80F0F1F71F75805E00EC5A7A /* Base */,
			);
			name = Main.storyboard;
			sourceTree = "<group>";
		};
		D20D206F206FC1FC002D2F01 /* ShareViewController.xib */ = {
			isa = PBXVariantGroup;
			children = (
				D20D2070206FC1FC002D2F01 /* Base */,
			);
			name = ShareViewController.xib;
			sourceTree = "<group>";
		};
/* End PBXVariantGroup section */

/* Begin XCBuildConfiguration section */
		80F0F1FA1F75805E00EC5A7A /* Debug */ = {
			isa = XCBuildConfiguration;
			buildSettings = {
				ALWAYS_SEARCH_USER_PATHS = NO;
				CLANG_ANALYZER_NONNULL = YES;
				CLANG_ANALYZER_NUMBER_OBJECT_CONVERSION = YES_AGGRESSIVE;
				CLANG_CXX_LANGUAGE_STANDARD = "gnu++0x";
				CLANG_CXX_LIBRARY = "libc++";
				CLANG_ENABLE_MODULES = YES;
				CLANG_ENABLE_OBJC_ARC = YES;
				CLANG_WARN_BLOCK_CAPTURE_AUTORELEASING = YES;
				CLANG_WARN_BOOL_CONVERSION = YES;
				CLANG_WARN_COMMA = YES;
				CLANG_WARN_CONSTANT_CONVERSION = YES;
				CLANG_WARN_DEPRECATED_OBJC_IMPLEMENTATIONS = YES;
				CLANG_WARN_DIRECT_OBJC_ISA_USAGE = YES_ERROR;
				CLANG_WARN_DOCUMENTATION_COMMENTS = YES;
				CLANG_WARN_EMPTY_BODY = YES;
				CLANG_WARN_ENUM_CONVERSION = YES;
				CLANG_WARN_INFINITE_RECURSION = YES;
				CLANG_WARN_INT_CONVERSION = YES;
				CLANG_WARN_NON_LITERAL_NULL_CONVERSION = YES;
				CLANG_WARN_OBJC_IMPLICIT_RETAIN_SELF = YES;
				CLANG_WARN_OBJC_LITERAL_CONVERSION = YES;
				CLANG_WARN_OBJC_ROOT_CLASS = YES_ERROR;
				CLANG_WARN_RANGE_LOOP_ANALYSIS = YES;
				CLANG_WARN_STRICT_PROTOTYPES = YES;
				CLANG_WARN_SUSPICIOUS_MOVE = YES;
				CLANG_WARN_UNREACHABLE_CODE = YES;
				CLANG_WARN__DUPLICATE_METHOD_MATCH = YES;
				CODE_SIGN_IDENTITY = "-";
				COPY_PHASE_STRIP = NO;
				DEBUG_INFORMATION_FORMAT = dwarf;
				ENABLE_STRICT_OBJC_MSGSEND = YES;
				ENABLE_TESTABILITY = YES;
				GCC_C_LANGUAGE_STANDARD = gnu99;
				GCC_DYNAMIC_NO_PIC = NO;
				GCC_NO_COMMON_BLOCKS = YES;
				GCC_OPTIMIZATION_LEVEL = 0;
				GCC_PREPROCESSOR_DEFINITIONS = (
					"DEBUG=1",
					"$(inherited)",
				);
				GCC_WARN_64_TO_32_BIT_CONVERSION = YES;
				GCC_WARN_ABOUT_RETURN_TYPE = YES_ERROR;
				GCC_WARN_UNDECLARED_SELECTOR = YES;
				GCC_WARN_UNINITIALIZED_AUTOS = YES_AGGRESSIVE;
				GCC_WARN_UNUSED_FUNCTION = YES;
				GCC_WARN_UNUSED_VARIABLE = YES;
				MACOSX_DEPLOYMENT_TARGET = 10.12;
				MTL_ENABLE_DEBUG_INFO = YES;
				ONLY_ACTIVE_ARCH = YES;
				SDKROOT = macosx;
				SWIFT_ACTIVE_COMPILATION_CONDITIONS = DEBUG;
				SWIFT_OPTIMIZATION_LEVEL = "-Onone";
				SWIFT_SWIFT3_OBJC_INFERENCE = Default;
			};
			name = Debug;
		};
		80F0F1FB1F75805E00EC5A7A /* Release */ = {
			isa = XCBuildConfiguration;
			buildSettings = {
				ALWAYS_SEARCH_USER_PATHS = NO;
				CLANG_ANALYZER_NONNULL = YES;
				CLANG_ANALYZER_NUMBER_OBJECT_CONVERSION = YES_AGGRESSIVE;
				CLANG_CXX_LANGUAGE_STANDARD = "gnu++0x";
				CLANG_CXX_LIBRARY = "libc++";
				CLANG_ENABLE_MODULES = YES;
				CLANG_ENABLE_OBJC_ARC = YES;
				CLANG_WARN_BLOCK_CAPTURE_AUTORELEASING = YES;
				CLANG_WARN_BOOL_CONVERSION = YES;
				CLANG_WARN_COMMA = YES;
				CLANG_WARN_CONSTANT_CONVERSION = YES;
				CLANG_WARN_DEPRECATED_OBJC_IMPLEMENTATIONS = YES;
				CLANG_WARN_DIRECT_OBJC_ISA_USAGE = YES_ERROR;
				CLANG_WARN_DOCUMENTATION_COMMENTS = YES;
				CLANG_WARN_EMPTY_BODY = YES;
				CLANG_WARN_ENUM_CONVERSION = YES;
				CLANG_WARN_INFINITE_RECURSION = YES;
				CLANG_WARN_INT_CONVERSION = YES;
				CLANG_WARN_NON_LITERAL_NULL_CONVERSION = YES;
				CLANG_WARN_OBJC_IMPLICIT_RETAIN_SELF = YES;
				CLANG_WARN_OBJC_LITERAL_CONVERSION = YES;
				CLANG_WARN_OBJC_ROOT_CLASS = YES_ERROR;
				CLANG_WARN_RANGE_LOOP_ANALYSIS = YES;
				CLANG_WARN_STRICT_PROTOTYPES = YES;
				CLANG_WARN_SUSPICIOUS_MOVE = YES;
				CLANG_WARN_UNREACHABLE_CODE = YES;
				CLANG_WARN__DUPLICATE_METHOD_MATCH = YES;
				CODE_SIGN_IDENTITY = "-";
				COPY_PHASE_STRIP = NO;
				DEBUG_INFORMATION_FORMAT = "dwarf-with-dsym";
				ENABLE_NS_ASSERTIONS = NO;
				ENABLE_STRICT_OBJC_MSGSEND = YES;
				GCC_C_LANGUAGE_STANDARD = gnu99;
				GCC_NO_COMMON_BLOCKS = YES;
				GCC_WARN_64_TO_32_BIT_CONVERSION = YES;
				GCC_WARN_ABOUT_RETURN_TYPE = YES_ERROR;
				GCC_WARN_UNDECLARED_SELECTOR = YES;
				GCC_WARN_UNINITIALIZED_AUTOS = YES_AGGRESSIVE;
				GCC_WARN_UNUSED_FUNCTION = YES;
				GCC_WARN_UNUSED_VARIABLE = YES;
				MACOSX_DEPLOYMENT_TARGET = 10.12;
				MTL_ENABLE_DEBUG_INFO = NO;
				SDKROOT = macosx;
				SWIFT_OPTIMIZATION_LEVEL = "-Owholemodule";
				SWIFT_SWIFT3_OBJC_INFERENCE = Default;
			};
			name = Release;
		};
		80F0F1FD1F75805E00EC5A7A /* Debug */ = {
			isa = XCBuildConfiguration;
			buildSettings = {
				ALWAYS_EMBED_SWIFT_STANDARD_LIBRARIES = YES;
				ASSETCATALOG_COMPILER_APPICON_NAME = AppIcon;
				COMBINE_HIDPI_IMAGES = YES;
				DEVELOPMENT_TEAM = VWP2ERD75S;
				FRAMEWORK_SEARCH_PATHS = (
					"$(inherited)",
					"$(PROJECT_DIR)/BetterPiP",
				);
				INFOPLIST_FILE = BetterPiP/Info.plist;
				LD_RUNPATH_SEARCH_PATHS = "$(inherited) @executable_path/../Frameworks";
				PRODUCT_BUNDLE_IDENTIFIER = me.mateffy.BetterPiP;
				PRODUCT_NAME = "$(TARGET_NAME)";
				SWIFT_OBJC_BRIDGING_HEADER = "BetterPiP/PIP/BetterPiP-Bridging-Header.h";
				SWIFT_SWIFT3_OBJC_INFERENCE = Default;
				SWIFT_VERSION = 4.0;
			};
			name = Debug;
		};
		80F0F1FE1F75805E00EC5A7A /* Release */ = {
			isa = XCBuildConfiguration;
			buildSettings = {
				ALWAYS_EMBED_SWIFT_STANDARD_LIBRARIES = YES;
				ASSETCATALOG_COMPILER_APPICON_NAME = AppIcon;
				COMBINE_HIDPI_IMAGES = YES;
				DEVELOPMENT_TEAM = VWP2ERD75S;
				FRAMEWORK_SEARCH_PATHS = (
					"$(inherited)",
					"$(PROJECT_DIR)/BetterPiP",
				);
				INFOPLIST_FILE = BetterPiP/Info.plist;
				LD_RUNPATH_SEARCH_PATHS = "$(inherited) @executable_path/../Frameworks";
				PRODUCT_BUNDLE_IDENTIFIER = me.mateffy.BetterPiP;
				PRODUCT_NAME = "$(TARGET_NAME)";
				SWIFT_OBJC_BRIDGING_HEADER = "BetterPiP/PIP/BetterPiP-Bridging-Header.h";
				SWIFT_SWIFT3_OBJC_INFERENCE = Default;
				SWIFT_VERSION = 4.0;
			};
			name = Release;
		};
		D20D2077206FC1FC002D2F01 /* Debug */ = {
			isa = XCBuildConfiguration;
			buildSettings = {
				CLANG_CXX_LANGUAGE_STANDARD = "gnu++14";
				CLANG_ENABLE_OBJC_WEAK = YES;
				CLANG_WARN_UNGUARDED_AVAILABILITY = YES_AGGRESSIVE;
				CODE_SIGN_ENTITLEMENTS = BetterPiPShare/BetterPiPShare.entitlements;
				CODE_SIGN_STYLE = Automatic;
				COMBINE_HIDPI_IMAGES = YES;
				DEVELOPMENT_TEAM = VWP2ERD75S;
				GCC_C_LANGUAGE_STANDARD = gnu11;
				INFOPLIST_FILE = BetterPiPShare/Info.plist;
				LD_RUNPATH_SEARCH_PATHS = "$(inherited) @executable_path/../Frameworks @executable_path/../../../../Frameworks";
				MACOSX_DEPLOYMENT_TARGET = 10.13;
				PRODUCT_BUNDLE_IDENTIFIER = me.mateffy.BetterPiP.BetterPiPShare;
				PRODUCT_NAME = "$(TARGET_NAME)";
				SKIP_INSTALL = YES;
				SWIFT_VERSION = 4.0;
			};
			name = Debug;
		};
		D20D2078206FC1FC002D2F01 /* Release */ = {
			isa = XCBuildConfiguration;
			buildSettings = {
				CLANG_CXX_LANGUAGE_STANDARD = "gnu++14";
				CLANG_ENABLE_OBJC_WEAK = YES;
				CLANG_WARN_UNGUARDED_AVAILABILITY = YES_AGGRESSIVE;
				CODE_SIGN_ENTITLEMENTS = BetterPiPShare/BetterPiPShare.entitlements;
				CODE_SIGN_STYLE = Automatic;
				COMBINE_HIDPI_IMAGES = YES;
				DEVELOPMENT_TEAM = VWP2ERD75S;
				GCC_C_LANGUAGE_STANDARD = gnu11;
				INFOPLIST_FILE = BetterPiPShare/Info.plist;
				LD_RUNPATH_SEARCH_PATHS = "$(inherited) @executable_path/../Frameworks @executable_path/../../../../Frameworks";
				MACOSX_DEPLOYMENT_TARGET = 10.13;
				PRODUCT_BUNDLE_IDENTIFIER = me.mateffy.BetterPiP.BetterPiPShare;
				PRODUCT_NAME = "$(TARGET_NAME)";
				SKIP_INSTALL = YES;
				SWIFT_VERSION = 4.0;
			};
			name = Release;
		};
/* End XCBuildConfiguration section */

/* Begin XCConfigurationList section */
		80F0F1E81F75805E00EC5A7A /* Build configuration list for PBXProject "BetterPiP" */ = {
			isa = XCConfigurationList;
			buildConfigurations = (
				80F0F1FA1F75805E00EC5A7A /* Debug */,
				80F0F1FB1F75805E00EC5A7A /* Release */,
			);
			defaultConfigurationIsVisible = 0;
			defaultConfigurationName = Release;
		};
		80F0F1FC1F75805E00EC5A7A /* Build configuration list for PBXNativeTarget "BetterPiP" */ = {
			isa = XCConfigurationList;
			buildConfigurations = (
				80F0F1FD1F75805E00EC5A7A /* Debug */,
				80F0F1FE1F75805E00EC5A7A /* Release */,
			);
			defaultConfigurationIsVisible = 0;
			defaultConfigurationName = Release;
		};
		D20D2079206FC1FC002D2F01 /* Build configuration list for PBXNativeTarget "BetterPiPShare" */ = {
			isa = XCConfigurationList;
			buildConfigurations = (
				D20D2077206FC1FC002D2F01 /* Debug */,
				D20D2078206FC1FC002D2F01 /* Release */,
			);
			defaultConfigurationIsVisible = 0;
			defaultConfigurationName = Release;
		};
/* End XCConfigurationList section */
	};
	rootObject = 80F0F1E51F75805E00EC5A7A /* Project object */;
}
